
Microsoft Visual Studio Solution File, Format Version 12.00
# Visual Studio Version 17
VisualStudioVersion = 17.12.35527.113 d17.12
MinimumVisualStudioVersion = 10.0.40219.1
Project("{FAE04EC0-301F-11D3-BF4B-00C04F79EFBC}") = "owasp.09.log4net", "owasp.09.log4net.csproj", "{0747A044-16AA-4AB4-A923-E22885FBAC67}"
EndProject
Project("{FAE04EC0-301F-11D3-BF4B-00C04F79EFBC}") = "owasp.09.log4net.api", "..\owasp.09.log4net.api\owasp.09.log4net.api.csproj", "{C0785437-EE47-47FC-B3C6-403053271EC1}"
EndProject
Project("{FAE04EC0-301F-11D3-BF4B-00C04F79EFBC}") = "owasp.09.log4net.core", "..\owasp.09.log4net.core\owasp.09.log4net.core.csproj", "{03B89D33-107B-4B46-9A8B-09295D5C7617}"
EndProject
Global
	GlobalSection(SolutionConfigurationPlatforms) = preSolution
		Debug|Any CPU = Debug|Any CPU
		Release|Any CPU = Release|Any CPU
	EndGlobalSection
	GlobalSection(ProjectConfigurationPlatforms) = postSolution
		{0747A044-16AA-4AB4-A923-E22885FBAC67}.Debug|Any CPU.ActiveCfg = Debug|Any CPU
		{0747A044-16AA-4AB4-A923-E22885FBAC67}.Debug|Any CPU.Build.0 = Debug|Any CPU
		{0747A044-16AA-4AB4-A923-E22885FBAC67}.Release|Any CPU.ActiveCfg = Release|Any CPU
		{0747A044-16AA-4AB4-A923-E22885FBAC67}.Release|Any CPU.Build.0 = Release|Any CPU
		{C0785437-EE47-47FC-B3C6-403053271EC1}.Debug|Any CPU.ActiveCfg = Debug|Any CPU
		{C0785437-EE47-47FC-B3C6-403053271EC1}.Debug|Any CPU.Build.0 = Debug|Any CPU
		{C0785437-EE47-47FC-B3C6-403053271EC1}.Release|Any CPU.ActiveCfg = Release|Any CPU
		{C0785437-EE47-47FC-B3C6-403053271EC1}.Release|Any CPU.Build.0 = Release|Any CPU
		{03B89D33-107B-4B46-9A8B-09295D5C7617}.Debug|Any CPU.ActiveCfg = Debug|Any CPU
		{03B89D33-107B-4B46-9A8B-09295D5C7617}.Debug|Any CPU.Build.0 = Debug|Any CPU
		{03B89D33-107B-4B46-9A8B-09295D5C7617}.Release|Any CPU.ActiveCfg = Release|Any CPU
		{03B89D33-107B-4B46-9A8B-09295D5C7617}.Release|Any CPU.Build.0 = Release|Any CPU
	EndGlobalSection
	GlobalSection(SolutionProperties) = preSolution
		HideSolutionNode = FALSE
	EndGlobalSection
EndGlobal
